// !$*UTF8*$!
{
	archiveVersion = 1;
	classes = {
	};
	objectVersion = 77;
	objects = {

/* Begin PBXBuildFile section */
		CCD8C6D92D04DA0300E3DBDF /* ComposableArchitecture in Frameworks */ = {isa = PBXBuildFile; productRef = CCD8C6D82D04DA0300E3DBDF /* ComposableArchitecture */; };
/* End PBXBuildFile section */

/* Begin PBXContainerItemProxy section */
		CCD8C6BB2D04D98900E3DBDF /* PBXContainerItemProxy */ = {
			isa = PBXContainerItemProxy;
			containerPortal = CCD8C6A22D04D98700E3DBDF /* Project object */;
			proxyType = 1;
			remoteGlobalIDString = CCD8C6A92D04D98700E3DBDF;
			remoteInfo = StandupsApp;
		};
		CCD8C6C52D04D98900E3DBDF /* PBXContainerItemProxy */ = {
			isa = PBXContainerItemProxy;
			containerPortal = CCD8C6A22D04D98700E3DBDF /* Project object */;
			proxyType = 1;
			remoteGlobalIDString = CCD8C6A92D04D98700E3DBDF;
			remoteInfo = StandupsApp;
		};
/* End PBXContainerItemProxy section */

/* Begin PBXFileReference section */
		CCD8C6AA2D04D98700E3DBDF /* StandupsApp.app */ = {isa = PBXFileReference; explicitFileType = wrapper.application; includeInIndex = 0; path = StandupsApp.app; sourceTree = BUILT_PRODUCTS_DIR; };
		CCD8C6BA2D04D98900E3DBDF /* StandupsAppTests.xctest */ = {isa = PBXFileReference; explicitFileType = wrapper.cfbundle; includeInIndex = 0; path = StandupsAppTests.xctest; sourceTree = BUILT_PRODUCTS_DIR; };
		CCD8C6C42D04D98900E3DBDF /* StandupsAppUITests.xctest */ = {isa = PBXFileReference; explicitFileType = wrapper.cfbundle; includeInIndex = 0; path = StandupsAppUITests.xctest; sourceTree = BUILT_PRODUCTS_DIR; };
/* End PBXFileReference section */

/* Begin PBXFileSystemSynchronizedRootGroup section */
		CCD8C6AC2D04D98700E3DBDF /* StandupsApp */ = {
			isa = PBXFileSystemSynchronizedRootGroup;
			path = StandupsApp;
			sourceTree = "<group>";
		};
		CCD8C6BD2D04D98900E3DBDF /* StandupsAppTests */ = {
			isa = PBXFileSystemSynchronizedRootGroup;
			path = StandupsAppTests;
			sourceTree = "<group>";
		};
		CCD8C6C72D04D98900E3DBDF /* StandupsAppUITests */ = {
			isa = PBXFileSystemSynchronizedRootGroup;
			path = StandupsAppUITests;
			sourceTree = "<group>";
		};
/* End PBXFileSystemSynchronizedRootGroup section */

/* Begin PBXFrameworksBuildPhase section */
		CCD8C6A72D04D98700E3DBDF /* Frameworks */ = {
			isa = PBXFrameworksBuildPhase;
			buildActionMask = 2147483647;
			files = (
				CCD8C6D92D04DA0300E3DBDF /* ComposableArchitecture in Frameworks */,
			);
			runOnlyForDeploymentPostprocessing = 0;
		};
		CCD8C6B72D04D98900E3DBDF /* Frameworks */ = {
			isa = PBXFrameworksBuildPhase;
			buildActionMask = 2147483647;
			files = (
			);
			runOnlyForDeploymentPostprocessing = 0;
		};
		CCD8C6C12D04D98900E3DBDF /* Frameworks */ = {
			isa = PBXFrameworksBuildPhase;
			buildActionMask = 2147483647;
			files = (
			);
			runOnlyForDeploymentPostprocessing = 0;
		};
/* End PBXFrameworksBuildPhase section */

/* Begin PBXGroup section */
		CCD8C6A12D04D98700E3DBDF = {
			isa = PBXGroup;
			children = (
				CCD8C6AC2D04D98700E3DBDF /* StandupsApp */,
				CCD8C6BD2D04D98900E3DBDF /* StandupsAppTests */,
				CCD8C6C72D04D98900E3DBDF /* StandupsAppUITests */,
				CCD8C6AB2D04D98700E3DBDF /* Products */,
			);
			sourceTree = "<group>";
		};
		CCD8C6AB2D04D98700E3DBDF /* Products */ = {
			isa = PBXGroup;
			children = (
				CCD8C6AA2D04D98700E3DBDF /* StandupsApp.app */,
				CCD8C6BA2D04D98900E3DBDF /* StandupsAppTests.xctest */,
				CCD8C6C42D04D98900E3DBDF /* StandupsAppUITests.xctest */,
			);
			name = Products;
			sourceTree = "<group>";
		};
/* End PBXGroup section */

/* Begin PBXNativeTarget section */
		CCD8C6A92D04D98700E3DBDF /* StandupsApp */ = {
			isa = PBXNativeTarget;
			buildConfigurationList = CCD8C6CE2D04D98900E3DBDF /* Build configuration list for PBXNativeTarget "StandupsApp" */;
			buildPhases = (
				CCD8C6A62D04D98700E3DBDF /* Sources */,
				CCD8C6A72D04D98700E3DBDF /* Frameworks */,
				CCD8C6A82D04D98700E3DBDF /* Resources */,
			);
			buildRules = (
			);
			dependencies = (
			);
			fileSystemSynchronizedGroups = (
				CCD8C6AC2D04D98700E3DBDF /* StandupsApp */,
			);
			name = StandupsApp;
			packageProductDependencies = (
				CCD8C6D82D04DA0300E3DBDF /* ComposableArchitecture */,
			);
			productName = StandupsApp;
			productReference = CCD8C6AA2D04D98700E3DBDF /* StandupsApp.app */;
			productType = "com.apple.product-type.application";
		};
		CCD8C6B92D04D98900E3DBDF /* StandupsAppTests */ = {
			isa = PBXNativeTarget;
			buildConfigurationList = CCD8C6D12D04D98900E3DBDF /* Build configuration list for PBXNativeTarget "StandupsAppTests" */;
			buildPhases = (
				CCD8C6B62D04D98900E3DBDF /* Sources */,
				CCD8C6B72D04D98900E3DBDF /* Frameworks */,
				CCD8C6B82D04D98900E3DBDF /* Resources */,
			);
			buildRules = (
			);
			dependencies = (
				CCD8C6BC2D04D98900E3DBDF /* PBXTargetDependency */,
			);
			fileSystemSynchronizedGroups = (
				CCD8C6BD2D04D98900E3DBDF /* StandupsAppTests */,
			);
			name = StandupsAppTests;
			packageProductDependencies = (
			);
			productName = StandupsAppTests;
			productReference = CCD8C6BA2D04D98900E3DBDF /* StandupsAppTests.xctest */;
			productType = "com.apple.product-type.bundle.unit-test";
		};
		CCD8C6C32D04D98900E3DBDF /* StandupsAppUITests */ = {
			isa = PBXNativeTarget;
			buildConfigurationList = CCD8C6D42D04D98900E3DBDF /* Build configuration list for PBXNativeTarget "StandupsAppUITests" */;
			buildPhases = (
				CCD8C6C02D04D98900E3DBDF /* Sources */,
				CCD8C6C12D04D98900E3DBDF /* Frameworks */,
				CCD8C6C22D04D98900E3DBDF /* Resources */,
			);
			buildRules = (
			);
			dependencies = (
				CCD8C6C62D04D98900E3DBDF /* PBXTargetDependency */,
			);
			fileSystemSynchronizedGroups = (
				CCD8C6C72D04D98900E3DBDF /* StandupsAppUITests */,
			);
			name = StandupsAppUITests;
			packageProductDependencies = (
			);
			productName = StandupsAppUITests;
			productReference = CCD8C6C42D04D98900E3DBDF /* StandupsAppUITests.xctest */;
			productType = "com.apple.product-type.bundle.ui-testing";
		};
/* End PBXNativeTarget section */

/* Begin PBXProject section */
		CCD8C6A22D04D98700E3DBDF /* Project object */ = {
			isa = PBXProject;
			attributes = {
				BuildIndependentTargetsInParallel = 1;
				LastSwiftUpdateCheck = 1610;
				LastUpgradeCheck = 1610;
				TargetAttributes = {
					CCD8C6A92D04D98700E3DBDF = {
						CreatedOnToolsVersion = 16.1;
					};
					CCD8C6B92D04D98900E3DBDF = {
						CreatedOnToolsVersion = 16.1;
						TestTargetID = CCD8C6A92D04D98700E3DBDF;
					};
					CCD8C6C32D04D98900E3DBDF = {
						CreatedOnToolsVersion = 16.1;
						TestTargetID = CCD8C6A92D04D98700E3DBDF;
					};
				};
			};
			buildConfigurationList = CCD8C6A52D04D98700E3DBDF /* Build configuration list for PBXProject "StandupsApp" */;
			developmentRegion = en;
			hasScannedForEncodings = 0;
			knownRegions = (
				en,
				Base,
			);
			mainGroup = CCD8C6A12D04D98700E3DBDF;
			minimizedProjectReferenceProxies = 1;
			packageReferences = (
				CCD8C6D72D04DA0300E3DBDF /* XCRemoteSwiftPackageReference "swift-composable-architecture" */,
			);
			preferredProjectObjectVersion = 77;
			productRefGroup = CCD8C6AB2D04D98700E3DBDF /* Products */;
			projectDirPath = "";
			projectRoot = "";
			targets = (
				CCD8C6A92D04D98700E3DBDF /* StandupsApp */,
				CCD8C6B92D04D98900E3DBDF /* StandupsAppTests */,
				CCD8C6C32D04D98900E3DBDF /* StandupsAppUITests */,
			);
		};
/* End PBXProject section */

/* Begin PBXResourcesBuildPhase section */
		CCD8C6A82D04D98700E3DBDF /* Resources */ = {
			isa = PBXResourcesBuildPhase;
			buildActionMask = 2147483647;
			files = (
			);
			runOnlyForDeploymentPostprocessing = 0;
		};
		CCD8C6B82D04D98900E3DBDF /* Resources */ = {
			isa = PBXResourcesBuildPhase;
			buildActionMask = 2147483647;
			files = (
			);
			runOnlyForDeploymentPostprocessing = 0;
		};
		CCD8C6C22D04D98900E3DBDF /* Resources */ = {
			isa = PBXResourcesBuildPhase;
			buildActionMask = 2147483647;
			files = (
			);
			runOnlyForDeploymentPostprocessing = 0;
		};
/* End PBXResourcesBuildPhase section */

/* Begin PBXSourcesBuildPhase section */
		CCD8C6A62D04D98700E3DBDF /* Sources */ = {
			isa = PBXSourcesBuildPhase;
			buildActionMask = 2147483647;
			files = (
			);
			runOnlyForDeploymentPostprocessing = 0;
		};
		CCD8C6B62D04D98900E3DBDF /* Sources */ = {
			isa = PBXSourcesBuildPhase;
			buildActionMask = 2147483647;
			files = (
			);
			runOnlyForDeploymentPostprocessing = 0;
		};
		CCD8C6C02D04D98900E3DBDF /* Sources */ = {
			isa = PBXSourcesBuildPhase;
			buildActionMask = 2147483647;
			files = (
			);
			runOnlyForDeploymentPostprocessing = 0;
		};
/* End PBXSourcesBuildPhase section */

/* Begin PBXTargetDependency section */
		CCD8C6BC2D04D98900E3DBDF /* PBXTargetDependency */ = {
			isa = PBXTargetDependency;
			target = CCD8C6A92D04D98700E3DBDF /* StandupsApp */;
			targetProxy = CCD8C6BB2D04D98900E3DBDF /* PBXContainerItemProxy */;
		};
		CCD8C6C62D04D98900E3DBDF /* PBXTargetDependency */ = {
			isa = PBXTargetDependency;
			target = CCD8C6A92D04D98700E3DBDF /* StandupsApp */;
			targetProxy = CCD8C6C52D04D98900E3DBDF /* PBXContainerItemProxy */;
		};
/* End PBXTargetDependency section */

/* Begin XCBuildConfiguration section */
		CCD8C6CC2D04D98900E3DBDF /* Debug */ = {
			isa = XCBuildConfiguration;
			buildSettings = {
				ALWAYS_SEARCH_USER_PATHS = NO;
				ASSETCATALOG_COMPILER_GENERATE_SWIFT_ASSET_SYMBOL_EXTENSIONS = YES;
				CLANG_ANALYZER_NONNULL = YES;
				CLANG_ANALYZER_NUMBER_OBJECT_CONVERSION = YES_AGGRESSIVE;
				CLANG_CXX_LANGUAGE_STANDARD = "gnu++20";
				CLANG_ENABLE_MODULES = YES;
				CLANG_ENABLE_OBJC_ARC = YES;
				CLANG_ENABLE_OBJC_WEAK = YES;
				CLANG_WARN_BLOCK_CAPTURE_AUTORELEASING = YES;
				CLANG_WARN_BOOL_CONVERSION = YES;
				CLANG_WARN_COMMA = YES;
				CLANG_WARN_CONSTANT_CONVERSION = YES;
				CLANG_WARN_DEPRECATED_OBJC_IMPLEMENTATIONS = YES;
				CLANG_WARN_DIRECT_OBJC_ISA_USAGE = YES_ERROR;
				CLANG_WARN_DOCUMENTATION_COMMENTS = YES;
				CLANG_WARN_EMPTY_BODY = YES;
				CLANG_WARN_ENUM_CONVERSION = YES;
				CLANG_WARN_INFINITE_RECURSION = YES;
				CLANG_WARN_INT_CONVERSION = YES;
				CLANG_WARN_NON_LITERAL_NULL_CONVERSION = YES;
				CLANG_WARN_OBJC_IMPLICIT_RETAIN_SELF = YES;
				CLANG_WARN_OBJC_LITERAL_CONVERSION = YES;
				CLANG_WARN_OBJC_ROOT_CLASS = YES_ERROR;
				CLANG_WARN_QUOTED_INCLUDE_IN_FRAMEWORK_HEADER = YES;
				CLANG_WARN_RANGE_LOOP_ANALYSIS = YES;
				CLANG_WARN_STRICT_PROTOTYPES = YES;
				CLANG_WARN_SUSPICIOUS_MOVE = YES;
				CLANG_WARN_UNGUARDED_AVAILABILITY = YES_AGGRESSIVE;
				CLANG_WARN_UNREACHABLE_CODE = YES;
				CLANG_WARN__DUPLICATE_METHOD_MATCH = YES;
				COPY_PHASE_STRIP = NO;
				DEBUG_INFORMATION_FORMAT = dwarf;
				ENABLE_STRICT_OBJC_MSGSEND = YES;
				ENABLE_TESTABILITY = YES;
				ENABLE_USER_SCRIPT_SANDBOXING = YES;
				GCC_C_LANGUAGE_STANDARD = gnu17;
				GCC_DYNAMIC_NO_PIC = NO;
				GCC_NO_COMMON_BLOCKS = YES;
				GCC_OPTIMIZATION_LEVEL = 0;
				GCC_PREPROCESSOR_DEFINITIONS = (
					"DEBUG=1",
					"$(inherited)",
				);
				GCC_WARN_64_TO_32_BIT_CONVERSION = YES;
				GCC_WARN_ABOUT_RETURN_TYPE = YES_ERROR;
				GCC_WARN_UNDECLARED_SELECTOR = YES;
				GCC_WARN_UNINITIALIZED_AUTOS = YES_AGGRESSIVE;
				GCC_WARN_UNUSED_FUNCTION = YES;
				GCC_WARN_UNUSED_VARIABLE = YES;
				IPHONEOS_DEPLOYMENT_TARGET = 18.1;
				LOCALIZATION_PREFERS_STRING_CATALOGS = YES;
				MTL_ENABLE_DEBUG_INFO = INCLUDE_SOURCE;
				MTL_FAST_MATH = YES;
				ONLY_ACTIVE_ARCH = YES;
				SDKROOT = iphoneos;
				SWIFT_ACTIVE_COMPILATION_CONDITIONS = "DEBUG $(inherited)";
				SWIFT_OPTIMIZATION_LEVEL = "-Onone";
			};
			name = Debug;
		};
		CCD8C6CD2D04D98900E3DBDF /* Release */ = {
			isa = XCBuildConfiguration;
			buildSettings = {
				ALWAYS_SEARCH_USER_PATHS = NO;
				ASSETCATALOG_COMPILER_GENERATE_SWIFT_ASSET_SYMBOL_EXTENSIONS = YES;
				CLANG_ANALYZER_NONNULL = YES;
				CLANG_ANALYZER_NUMBER_OBJECT_CONVERSION = YES_AGGRESSIVE;
				CLANG_CXX_LANGUAGE_STANDARD = "gnu++20";
				CLANG_ENABLE_MODULES = YES;
				CLANG_ENABLE_OBJC_ARC = YES;
				CLANG_ENABLE_OBJC_WEAK = YES;
				CLANG_WARN_BLOCK_CAPTURE_AUTORELEASING = YES;
				CLANG_WARN_BOOL_CONVERSION = YES;
				CLANG_WARN_COMMA = YES;
				CLANG_WARN_CONSTANT_CONVERSION = YES;
				CLANG_WARN_DEPRECATED_OBJC_IMPLEMENTATIONS = YES;
				CLANG_WARN_DIRECT_OBJC_ISA_USAGE = YES_ERROR;
				CLANG_WARN_DOCUMENTATION_COMMENTS = YES;
				CLANG_WARN_EMPTY_BODY = YES;
				CLANG_WARN_ENUM_CONVERSION = YES;
				CLANG_WARN_INFINITE_RECURSION = YES;
				CLANG_WARN_INT_CONVERSION = YES;
				CLANG_WARN_NON_LITERAL_NULL_CONVERSION = YES;
				CLANG_WARN_OBJC_IMPLICIT_RETAIN_SELF = YES;
				CLANG_WARN_OBJC_LITERAL_CONVERSION = YES;
				CLANG_WARN_OBJC_ROOT_CLASS = YES_ERROR;
				CLANG_WARN_QUOTED_INCLUDE_IN_FRAMEWORK_HEADER = YES;
				CLANG_WARN_RANGE_LOOP_ANALYSIS = YES;
				CLANG_WARN_STRICT_PROTOTYPES = YES;
				CLANG_WARN_SUSPICIOUS_MOVE = YES;
				CLANG_WARN_UNGUARDED_AVAILABILITY = YES_AGGRESSIVE;
				CLANG_WARN_UNREACHABLE_CODE = YES;
				CLANG_WARN__DUPLICATE_METHOD_MATCH = YES;
				COPY_PHASE_STRIP = NO;
				DEBUG_INFORMATION_FORMAT = "dwarf-with-dsym";
				ENABLE_NS_ASSERTIONS = NO;
				ENABLE_STRICT_OBJC_MSGSEND = YES;
				ENABLE_USER_SCRIPT_SANDBOXING = YES;
				GCC_C_LANGUAGE_STANDARD = gnu17;
				GCC_NO_COMMON_BLOCKS = YES;
				GCC_WARN_64_TO_32_BIT_CONVERSION = YES;
				GCC_WARN_ABOUT_RETURN_TYPE = YES_ERROR;
				GCC_WARN_UNDECLARED_SELECTOR = YES;
				GCC_WARN_UNINITIALIZED_AUTOS = YES_AGGRESSIVE;
				GCC_WARN_UNUSED_FUNCTION = YES;
				GCC_WARN_UNUSED_VARIABLE = YES;
				IPHONEOS_DEPLOYMENT_TARGET = 18.1;
				LOCALIZATION_PREFERS_STRING_CATALOGS = YES;
				MTL_ENABLE_DEBUG_INFO = NO;
				MTL_FAST_MATH = YES;
				SDKROOT = iphoneos;
				SWIFT_COMPILATION_MODE = wholemodule;
				VALIDATE_PRODUCT = YES;
			};
			name = Release;
		};
		CCD8C6CF2D04D98900E3DBDF /* Debug */ = {
			isa = XCBuildConfiguration;
			buildSettings = {
				ASSETCATALOG_COMPILER_APPICON_NAME = AppIcon;
				ASSETCATALOG_COMPILER_GLOBAL_ACCENT_COLOR_NAME = AccentColor;
				CODE_SIGN_STYLE = Automatic;
				CURRENT_PROJECT_VERSION = 1;
				DEVELOPMENT_ASSET_PATHS = "\"StandupsApp/Preview Content\"";
				DEVELOPMENT_TEAM = GQGZN6D9K9;
				ENABLE_PREVIEWS = YES;
				GENERATE_INFOPLIST_FILE = YES;
				INFOPLIST_KEY_UIApplicationSceneManifest_Generation = YES;
				INFOPLIST_KEY_UIApplicationSupportsIndirectInputEvents = YES;
				INFOPLIST_KEY_UILaunchScreen_Generation = YES;
				INFOPLIST_KEY_UISupportedInterfaceOrientations_iPad = "UIInterfaceOrientationPortrait UIInterfaceOrientationPortraitUpsideDown UIInterfaceOrientationLandscapeLeft UIInterfaceOrientationLandscapeRight";
				INFOPLIST_KEY_UISupportedInterfaceOrientations_iPhone = "UIInterfaceOrientationPortrait UIInterfaceOrientationLandscapeLeft UIInterfaceOrientationLandscapeRight";
				LD_RUNPATH_SEARCH_PATHS = (
					"$(inherited)",
					"@executable_path/Frameworks",
				);
				MARKETING_VERSION = 1.0;
				PRODUCT_BUNDLE_IDENTIFIER = com.ness.lab.mystandups.StandupsApp;
				PRODUCT_NAME = "$(TARGET_NAME)";
				SWIFT_EMIT_LOC_STRINGS = YES;
				SWIFT_VERSION = 5.0;
				TARGETED_DEVICE_FAMILY = "1,2";
			};
			name = Debug;
		};
		CCD8C6D02D04D98900E3DBDF /* Release */ = {
			isa = XCBuildConfiguration;
			buildSettings = {
				ASSETCATALOG_COMPILER_APPICON_NAME = AppIcon;
				ASSETCATALOG_COMPILER_GLOBAL_ACCENT_COLOR_NAME = AccentColor;
				CODE_SIGN_STYLE = Automatic;
				CURRENT_PROJECT_VERSION = 1;
				DEVELOPMENT_ASSET_PATHS = "\"StandupsApp/Preview Content\"";
				DEVELOPMENT_TEAM = GQGZN6D9K9;
				ENABLE_PREVIEWS = YES;
				GENERATE_INFOPLIST_FILE = YES;
				INFOPLIST_KEY_UIApplicationSceneManifest_Generation = YES;
				INFOPLIST_KEY_UIApplicationSupportsIndirectInputEvents = YES;
				INFOPLIST_KEY_UILaunchScreen_Generation = YES;
				INFOPLIST_KEY_UISupportedInterfaceOrientations_iPad = "UIInterfaceOrientationPortrait UIInterfaceOrientationPortraitUpsideDown UIInterfaceOrientationLandscapeLeft UIInterfaceOrientationLandscapeRight";
				INFOPLIST_KEY_UISupportedInterfaceOrientations_iPhone = "UIInterfaceOrientationPortrait UIInterfaceOrientationLandscapeLeft UIInterfaceOrientationLandscapeRight";
				LD_RUNPATH_SEARCH_PATHS = (
					"$(inherited)",
					"@executable_path/Frameworks",
				);
				MARKETING_VERSION = 1.0;
				PRODUCT_BUNDLE_IDENTIFIER = com.ness.lab.mystandups.StandupsApp;
				PRODUCT_NAME = "$(TARGET_NAME)";
				SWIFT_EMIT_LOC_STRINGS = YES;
				SWIFT_VERSION = 5.0;
				TARGETED_DEVICE_FAMILY = "1,2";
			};
			name = Release;
		};
		CCD8C6D22D04D98900E3DBDF /* Debug */ = {
			isa = XCBuildConfiguration;
			buildSettings = {
				BUNDLE_LOADER = "$(TEST_HOST)";
				CODE_SIGN_STYLE = Automatic;
				CURRENT_PROJECT_VERSION = 1;
				DEVELOPMENT_TEAM = GQGZN6D9K9;
				GENERATE_INFOPLIST_FILE = YES;
				IPHONEOS_DEPLOYMENT_TARGET = 18.1;
				MARKETING_VERSION = 1.0;
				PRODUCT_BUNDLE_IDENTIFIER = com.ness.lab.mystandups.StandupsAppTests;
				PRODUCT_NAME = "$(TARGET_NAME)";
				SWIFT_EMIT_LOC_STRINGS = NO;
				SWIFT_VERSION = 5.0;
				TARGETED_DEVICE_FAMILY = "1,2";
				TEST_HOST = "$(BUILT_PRODUCTS_DIR)/StandupsApp.app/$(BUNDLE_EXECUTABLE_FOLDER_PATH)/StandupsApp";
			};
			name = Debug;
		};
		CCD8C6D32D04D98900E3DBDF /* Release */ = {
			isa = XCBuildConfiguration;
			buildSettings = {
				BUNDLE_LOADER = "$(TEST_HOST)";
				CODE_SIGN_STYLE = Automatic;
				CURRENT_PROJECT_VERSION = 1;
				DEVELOPMENT_TEAM = GQGZN6D9K9;
				GENERATE_INFOPLIST_FILE = YES;
				IPHONEOS_DEPLOYMENT_TARGET = 18.1;
				MARKETING_VERSION = 1.0;
				PRODUCT_BUNDLE_IDENTIFIER = com.ness.lab.mystandups.StandupsAppTests;
				PRODUCT_NAME = "$(TARGET_NAME)";
				SWIFT_EMIT_LOC_STRINGS = NO;
				SWIFT_VERSION = 5.0;
				TARGETED_DEVICE_FAMILY = "1,2";
				TEST_HOST = "$(BUILT_PRODUCTS_DIR)/StandupsApp.app/$(BUNDLE_EXECUTABLE_FOLDER_PATH)/StandupsApp";
			};
			name = Release;
		};
		CCD8C6D52D04D98900E3DBDF /* Debug */ = {
			isa = XCBuildConfiguration;
			buildSettings = {
				CODE_SIGN_STYLE = Automatic;
				CURRENT_PROJECT_VERSION = 1;
				DEVELOPMENT_TEAM = GQGZN6D9K9;
				GENERATE_INFOPLIST_FILE = YES;
				MARKETING_VERSION = 1.0;
				PRODUCT_BUNDLE_IDENTIFIER = com.ness.lab.mystandups.StandupsAppUITests;
				PRODUCT_NAME = "$(TARGET_NAME)";
				SWIFT_EMIT_LOC_STRINGS = NO;
				SWIFT_VERSION = 5.0;
				TARGETED_DEVICE_FAMILY = "1,2";
				TEST_TARGET_NAME = StandupsApp;
			};
			name = Debug;
		};
		CCD8C6D62D04D98900E3DBDF /* Release */ = {
			isa = XCBuildConfiguration;
			buildSettings = {
				CODE_SIGN_STYLE = Automatic;
				CURRENT_PROJECT_VERSION = 1;
				DEVELOPMENT_TEAM = GQGZN6D9K9;
				GENERATE_INFOPLIST_FILE = YES;
				MARKETING_VERSION = 1.0;
				PRODUCT_BUNDLE_IDENTIFIER = com.ness.lab.mystandups.StandupsAppUITests;
				PRODUCT_NAME = "$(TARGET_NAME)";
				SWIFT_EMIT_LOC_STRINGS = NO;
				SWIFT_VERSION = 5.0;
				TARGETED_DEVICE_FAMILY = "1,2";
				TEST_TARGET_NAME = StandupsApp;
			};
			name = Release;
		};
/* End XCBuildConfiguration section */

/* Begin XCConfigurationList section */
		CCD8C6A52D04D98700E3DBDF /* Build configuration list for PBXProject "StandupsApp" */ = {
			isa = XCConfigurationList;
			buildConfigurations = (
				CCD8C6CC2D04D98900E3DBDF /* Debug */,
				CCD8C6CD2D04D98900E3DBDF /* Release */,
			);
			defaultConfigurationIsVisible = 0;
			defaultConfigurationName = Release;
		};
		CCD8C6CE2D04D98900E3DBDF /* Build configuration list for PBXNativeTarget "StandupsApp" */ = {
			isa = XCConfigurationList;
			buildConfigurations = (
				CCD8C6CF2D04D98900E3DBDF /* Debug */,
				CCD8C6D02D04D98900E3DBDF /* Release */,
			);
			defaultConfigurationIsVisible = 0;
			defaultConfigurationName = Release;
		};
		CCD8C6D12D04D98900E3DBDF /* Build configuration list for PBXNativeTarget "StandupsAppTests" */ = {
			isa = XCConfigurationList;
			buildConfigurations = (
				CCD8C6D22D04D98900E3DBDF /* Debug */,
				CCD8C6D32D04D98900E3DBDF /* Release */,
			);
			defaultConfigurationIsVisible = 0;
			defaultConfigurationName = Release;
		};
		CCD8C6D42D04D98900E3DBDF /* Build configuration list for PBXNativeTarget "StandupsAppUITests" */ = {
			isa = XCConfigurationList;
			buildConfigurations = (
				CCD8C6D52D04D98900E3DBDF /* Debug */,
				CCD8C6D62D04D98900E3DBDF /* Release */,
			);
			defaultConfigurationIsVisible = 0;
			defaultConfigurationName = Release;
		};
/* End XCConfigurationList section */

/* Begin XCRemoteSwiftPackageReference section */
		CCD8C6D72D04DA0300E3DBDF /* XCRemoteSwiftPackageReference "swift-composable-architecture" */ = {
			isa = XCRemoteSwiftPackageReference;
			repositoryURL = "https://github.com/pointfreeco/swift-composable-architecture.git";
			requirement = {
				kind = upToNextMajorVersion;
				minimumVersion = 1.17.0;
			};
		};
/* End XCRemoteSwiftPackageReference section */

/* Begin XCSwiftPackageProductDependency section */
		CCD8C6D82D04DA0300E3DBDF /* ComposableArchitecture */ = {
			isa = XCSwiftPackageProductDependency;
			package = CCD8C6D72D04DA0300E3DBDF /* XCRemoteSwiftPackageReference "swift-composable-architecture" */;
			productName = ComposableArchitecture;
		};
/* End XCSwiftPackageProductDependency section */
	};
	rootObject = CCD8C6A22D04D98700E3DBDF /* Project object */;
}
